
Microsoft Visual Studio Solution File, Format Version 12.00
# Visual Studio Version 17
VisualStudioVersion = 17.14.36121.58 d17.14
MinimumVisualStudioVersion = 10.0.40219.1
Project("{FAE04EC0-301F-11D3-BF4B-00C04F79EFBC}") = "console.mentoria3", "console.mentoria3.csproj", "{F1A31221-0781-D6E6-0D42-4A35F7A5784A}"
EndProject
Global
	GlobalSection(SolutionConfigurationPlatforms) = preSolution
		Debug|Any CPU = Debug|Any CPU
		Release|Any CPU = Release|Any CPU
	EndGlobalSection
	GlobalSection(ProjectConfigurationPlatforms) = postSolution
		{F1A31221-0781-D6E6-0D42-4A35F7A5784A}.Debug|Any CPU.ActiveCfg = Debug|Any CPU
		{F1A31221-0781-D6E6-0D42-4A35F7A5784A}.Debug|Any CPU.Build.0 = Debug|Any CPU
		{F1A31221-0781-D6E6-0D42-4A35F7A5784A}.Release|Any CPU.ActiveCfg = Release|Any CPU
		{F1A31221-0781-D6E6-0D42-4A35F7A5784A}.Release|Any CPU.Build.0 = Release|Any CPU
	EndGlobalSection
	GlobalSection(SolutionProperties) = preSolution
		HideSolutionNode = FALSE
	EndGlobalSection
	GlobalSection(ExtensibilityGlobals) = postSolution
		SolutionGuid = {AFEFD8DF-038A-4ADE-B2DB-DDB4CC445D3A}
	EndGlobalSection
EndGlobal
